{
	"requires": true,
	"lockfileVersion": 1,
	"dependencies": {
		"redux-freeze": {
			"version": "0.1.7",
			"resolved": "https://registry.npmjs.org/redux-freeze/-/redux-freeze-0.1.7.tgz",
			"integrity": "sha512-L+S9pvWW4u7BRqM2nmeOR/ZTU5k/3pWd+0Vq/oH4vliObKzMLBvENkzmicL/eb44gO3C/OX0fov6NHIlDGw8Zg==",
			"requires": {
				"deep-freeze-strict": "1.1.1"
			},
			"dependencies": {
				"deep-freeze-strict": {
					"version": "1.1.1",
					"resolved": "https://registry.npmjs.org/deep-freeze-strict/-/deep-freeze-strict-1.1.1.tgz",
					"integrity": "sha1-d9BYPKJKab5LvZrC+uQV1VUj5bA="
				}
			}
		}
	}
}
